// !$*UTF8*$!
{
	archiveVersion = 1;
	classes = {
	};
	objectVersion = 56;
	objects = {

/* Begin PBXBuildFile section */
		5E099B332CB84A880056F226 /* AppDelegate.swift in Sources */ = {isa = PBXBuildFile; fileRef = 5E099B322CB84A880056F226 /* AppDelegate.swift */; };
		5E099B352CB84A880056F226 /* SceneDelegate.swift in Sources */ = {isa = PBXBuildFile; fileRef = 5E099B342CB84A880056F226 /* SceneDelegate.swift */; };
		5E099B372CB84A880056F226 /* ViewController.swift in Sources */ = {isa = PBXBuildFile; fileRef = 5E099B362CB84A880056F226 /* ViewController.swift */; };
		5E099B3A2CB84A880056F226 /* Main.storyboard in Resources */ = {isa = PBXBuildFile; fileRef = 5E099B382CB84A880056F226 /* Main.storyboard */; };
		5E099B3C2CB84A8A0056F226 /* Assets.xcassets in Resources */ = {isa = PBXBuildFile; fileRef = 5E099B3B2CB84A8A0056F226 /* Assets.xcassets */; };
		5E099B3F2CB84A8A0056F226 /* LaunchScreen.storyboard in Resources */ = {isa = PBXBuildFile; fileRef = 5E099B3D2CB84A8A0056F226 /* LaunchScreen.storyboard */; };
		5E863B382D7E375A00665603 /* Constants.swift in Sources */ = {isa = PBXBuildFile; fileRef = 5E863B372D7E375A00665603 /* Constants.swift */; };
		5E863B3B2D803BEA00665603 /* MyCustomButton.swift in Sources */ = {isa = PBXBuildFile; fileRef = 5E863B3A2D803BEA00665603 /* MyCustomButton.swift */; };
		5E9AA01B2D61155500246E60 /* RegLoadingViewController.storyboard in Resources */ = {isa = PBXBuildFile; fileRef = 5E9AA01A2D61155500246E60 /* RegLoadingViewController.storyboard */; };
		5E9AA01D2D61156A00246E60 /* RegLoadingViewController.swift in Sources */ = {isa = PBXBuildFile; fileRef = 5E9AA01C2D61156A00246E60 /* RegLoadingViewController.swift */; };
		5EB419D82D74CE870068F01A /* AuthorizationData.swift in Sources */ = {isa = PBXBuildFile; fileRef = 5EB419D72D74CE870068F01A /* AuthorizationData.swift */; };
		5EB419DA2D74D0230068F01A /* Protocol.swift in Sources */ = {isa = PBXBuildFile; fileRef = 5EB419D92D74D0230068F01A /* Protocol.swift */; };
		5EB419DC2D77DDBF0068F01A /* MainViewController.swift in Sources */ = {isa = PBXBuildFile; fileRef = 5EB419DB2D77DDBF0068F01A /* MainViewController.swift */; };
		5EB419DF2D77DE160068F01A /* MainViewController.storyboard in Resources */ = {isa = PBXBuildFile; fileRef = 5EB419DE2D77DE160068F01A /* MainViewController.storyboard */; };
		5ECE27A32CD8EA130079795C /* RegistrationEmailViewController.storyboard in Resources */ = {isa = PBXBuildFile; fileRef = 5ECE27A12CD8EA120079795C /* RegistrationEmailViewController.storyboard */; };
		5ECE27A42CD8EA130079795C /* RegistrationEmailViewController.swift in Sources */ = {isa = PBXBuildFile; fileRef = 5ECE27A22CD8EA120079795C /* RegistrationEmailViewController.swift */; };
		5ECE27A72CD8EAC10079795C /* WelcomeViewController.swift in Sources */ = {isa = PBXBuildFile; fileRef = 5ECE27A62CD8EAC10079795C /* WelcomeViewController.swift */; };
		5ED23F152D3EDEF600B47A7A /* RegPasswordViewController.swift in Sources */ = {isa = PBXBuildFile; fileRef = 5ED23F142D3EDEF500B47A7A /* RegPasswordViewController.swift */; };
		5ED23F172D3EDF6000B47A7A /* RegPasswordViewController.storyboard in Resources */ = {isa = PBXBuildFile; fileRef = 5ED23F162D3EDF6000B47A7A /* RegPasswordViewController.storyboard */; };
		5ED23F192D3EDF9500B47A7A /* RegistrationNameViewController.swift in Sources */ = {isa = PBXBuildFile; fileRef = 5ED23F182D3EDF9500B47A7A /* RegistrationNameViewController.swift */; };
		5EE85C6E2D6FAFE400EA10C9 /* PhotoViewController .swift in Sources */ = {isa = PBXBuildFile; fileRef = 5EE85C6D2D6FAFE400EA10C9 /* PhotoViewController .swift */; };
		5EE85C702D6FAFFB00EA10C9 /* PhotoViewController.storyboard in Resources */ = {isa = PBXBuildFile; fileRef = 5EE85C6F2D6FAFFB00EA10C9 /* PhotoViewController.storyboard */; };
		CEDDF7822DB6DA9400FC31EB /* CameraView.swift in Sources */ = {isa = PBXBuildFile; fileRef = CEDDF7812DB6DA8200FC31EB /* CameraView.swift */; };
		CEDDF7A72DCA560C00FC31EB /* NameSceneModel.swift in Sources */ = {isa = PBXBuildFile; fileRef = CEDDF7A32DCA560C00FC31EB /* NameSceneModel.swift */; };
		CEDDF7A82DCA560C00FC31EB /* NameScenePresentationLogic.swift in Sources */ = {isa = PBXBuildFile; fileRef = CEDDF7A42DCA560C00FC31EB /* NameScenePresentationLogic.swift */; };
		CEDDF7A92DCA560C00FC31EB /* NameSceneFactory.swift in Sources */ = {isa = PBXBuildFile; fileRef = CEDDF7A12DCA560C00FC31EB /* NameSceneFactory.swift */; };
		CEDDF7AA2DCA560C00FC31EB /* NameSceneBusinessLogic.swift in Sources */ = {isa = PBXBuildFile; fileRef = CEDDF7A22DCA560C00FC31EB /* NameSceneBusinessLogic.swift */; };
		CEDDF7AB2DCA560C00FC31EB /* NameSceneDisplayLogic.swift in Sources */ = {isa = PBXBuildFile; fileRef = CEDDF7A02DCA560C00FC31EB /* NameSceneDisplayLogic.swift */; };
		CEDDF7AC2DCA560C00FC31EB /* NameSceneRoutingLogic.swift in Sources */ = {isa = PBXBuildFile; fileRef = CEDDF7A52DCA560C00FC31EB /* NameSceneRoutingLogic.swift */; };
		CEDDF7B02DCA72C400FC31EB /* NameSceneController.storyboard in Resources */ = {isa = PBXBuildFile; fileRef = CEDDF7AF2DCA72C400FC31EB /* NameSceneController.storyboard */; };
		D84043FF2CBC45E00054922A /* SF-Pro-Rounded-Thin.otf in Resources */ = {isa = PBXBuildFile; fileRef = D84043F62CBC45DF0054922A /* SF-Pro-Rounded-Thin.otf */; };
		D84044002CBC45E00054922A /* SF-Pro-Rounded-Ultralight.otf in Resources */ = {isa = PBXBuildFile; fileRef = D84043F72CBC45DF0054922A /* SF-Pro-Rounded-Ultralight.otf */; };
		D84044012CBC45E00054922A /* SF-Pro-Rounded-Bold.otf in Resources */ = {isa = PBXBuildFile; fileRef = D84043F82CBC45DF0054922A /* SF-Pro-Rounded-Bold.otf */; };
		D84044022CBC45E00054922A /* SF-Pro-Rounded-Heavy.otf in Resources */ = {isa = PBXBuildFile; fileRef = D84043F92CBC45DF0054922A /* SF-Pro-Rounded-Heavy.otf */; };
		D84044032CBC45E00054922A /* SF-Pro-Rounded-Light.otf in Resources */ = {isa = PBXBuildFile; fileRef = D84043FA2CBC45DF0054922A /* SF-Pro-Rounded-Light.otf */; };
		D84044042CBC45E00054922A /* SF-Pro-Rounded-Regular.otf in Resources */ = {isa = PBXBuildFile; fileRef = D84043FB2CBC45E00054922A /* SF-Pro-Rounded-Regular.otf */; };
		D84044052CBC45E00054922A /* SF-Pro-Rounded-Black.otf in Resources */ = {isa = PBXBuildFile; fileRef = D84043FC2CBC45E00054922A /* SF-Pro-Rounded-Black.otf */; };
		D84044072CBC45E00054922A /* SF-Pro-Rounded-Medium.otf in Resources */ = {isa = PBXBuildFile; fileRef = D84043FE2CBC45E00054922A /* SF-Pro-Rounded-Medium.otf */; };
		D89E3E9D2CBC47590034D046 /* SF Pro Rounded Semibold.otf in Resources */ = {isa = PBXBuildFile; fileRef = D89E3E9C2CBC47590034D046 /* SF Pro Rounded Semibold.otf */; };
		D89E3E9F2CBC47B10034D046 /* Fonts.swift in Sources */ = {isa = PBXBuildFile; fileRef = D89E3E9E2CBC47B10034D046 /* Fonts.swift */; };
/* End PBXBuildFile section */

/* Begin PBXFileReference section */
		5E099B2F2CB84A880056F226 /* Locket.app */ = {isa = PBXFileReference; explicitFileType = wrapper.application; includeInIndex = 0; path = Locket.app; sourceTree = BUILT_PRODUCTS_DIR; };
		5E099B322CB84A880056F226 /* AppDelegate.swift */ = {isa = PBXFileReference; lastKnownFileType = sourcecode.swift; path = AppDelegate.swift; sourceTree = "<group>"; };
		5E099B342CB84A880056F226 /* SceneDelegate.swift */ = {isa = PBXFileReference; lastKnownFileType = sourcecode.swift; path = SceneDelegate.swift; sourceTree = "<group>"; };
		5E099B362CB84A880056F226 /* ViewController.swift */ = {isa = PBXFileReference; lastKnownFileType = sourcecode.swift; path = ViewController.swift; sourceTree = "<group>"; };
		5E099B392CB84A880056F226 /* Base */ = {isa = PBXFileReference; lastKnownFileType = file.storyboard; name = Base; path = Base.lproj/Main.storyboard; sourceTree = "<group>"; };
		5E099B3B2CB84A8A0056F226 /* Assets.xcassets */ = {isa = PBXFileReference; lastKnownFileType = folder.assetcatalog; path = Assets.xcassets; sourceTree = "<group>"; };
		5E099B3E2CB84A8A0056F226 /* Base */ = {isa = PBXFileReference; lastKnownFileType = file.storyboard; name = Base; path = Base.lproj/LaunchScreen.storyboard; sourceTree = "<group>"; };
		5E099B402CB84A8A0056F226 /* Info.plist */ = {isa = PBXFileReference; lastKnownFileType = text.plist.xml; path = Info.plist; sourceTree = "<group>"; };
		5E863B372D7E375A00665603 /* Constants.swift */ = {isa = PBXFileReference; lastKnownFileType = sourcecode.swift; path = Constants.swift; sourceTree = "<group>"; };
		5E863B3A2D803BEA00665603 /* MyCustomButton.swift */ = {isa = PBXFileReference; lastKnownFileType = sourcecode.swift; path = MyCustomButton.swift; sourceTree = "<group>"; };
		5E9AA01A2D61155500246E60 /* RegLoadingViewController.storyboard */ = {isa = PBXFileReference; lastKnownFileType = file.storyboard; path = RegLoadingViewController.storyboard; sourceTree = "<group>"; };
		5E9AA01C2D61156A00246E60 /* RegLoadingViewController.swift */ = {isa = PBXFileReference; lastKnownFileType = sourcecode.swift; path = RegLoadingViewController.swift; sourceTree = "<group>"; };
		5EB419D72D74CE870068F01A /* AuthorizationData.swift */ = {isa = PBXFileReference; lastKnownFileType = sourcecode.swift; path = AuthorizationData.swift; sourceTree = "<group>"; };
		5EB419D92D74D0230068F01A /* Protocol.swift */ = {isa = PBXFileReference; lastKnownFileType = sourcecode.swift; path = Protocol.swift; sourceTree = "<group>"; };
		5EB419DB2D77DDBF0068F01A /* MainViewController.swift */ = {isa = PBXFileReference; lastKnownFileType = sourcecode.swift; path = MainViewController.swift; sourceTree = "<group>"; };
		5EB419DE2D77DE160068F01A /* MainViewController.storyboard */ = {isa = PBXFileReference; lastKnownFileType = file.storyboard; path = MainViewController.storyboard; sourceTree = "<group>"; };
		5ECE27A12CD8EA120079795C /* RegistrationEmailViewController.storyboard */ = {isa = PBXFileReference; fileEncoding = 4; lastKnownFileType = file.storyboard; path = RegistrationEmailViewController.storyboard; sourceTree = "<group>"; };
		5ECE27A22CD8EA120079795C /* RegistrationEmailViewController.swift */ = {isa = PBXFileReference; fileEncoding = 4; lastKnownFileType = sourcecode.swift; path = RegistrationEmailViewController.swift; sourceTree = "<group>"; };
		5ECE27A62CD8EAC10079795C /* WelcomeViewController.swift */ = {isa = PBXFileReference; lastKnownFileType = sourcecode.swift; path = WelcomeViewController.swift; sourceTree = "<group>"; };
		5ED23F142D3EDEF500B47A7A /* RegPasswordViewController.swift */ = {isa = PBXFileReference; lastKnownFileType = sourcecode.swift; path = RegPasswordViewController.swift; sourceTree = "<group>"; };
		5ED23F162D3EDF6000B47A7A /* RegPasswordViewController.storyboard */ = {isa = PBXFileReference; lastKnownFileType = file.storyboard; path = RegPasswordViewController.storyboard; sourceTree = "<group>"; };
		5ED23F182D3EDF9500B47A7A /* RegistrationNameViewController.swift */ = {isa = PBXFileReference; lastKnownFileType = sourcecode.swift; path = RegistrationNameViewController.swift; sourceTree = "<group>"; };
		5EE85C6D2D6FAFE400EA10C9 /* PhotoViewController .swift */ = {isa = PBXFileReference; lastKnownFileType = sourcecode.swift; path = "PhotoViewController .swift"; sourceTree = "<group>"; };
		5EE85C6F2D6FAFFB00EA10C9 /* PhotoViewController.storyboard */ = {isa = PBXFileReference; lastKnownFileType = file.storyboard; path = PhotoViewController.storyboard; sourceTree = "<group>"; };
		CEDDF7812DB6DA8200FC31EB /* CameraView.swift */ = {isa = PBXFileReference; lastKnownFileType = sourcecode.swift; path = CameraView.swift; sourceTree = "<group>"; };
		CEDDF7A02DCA560C00FC31EB /* NameSceneDisplayLogic.swift */ = {isa = PBXFileReference; lastKnownFileType = sourcecode.swift; path = NameSceneDisplayLogic.swift; sourceTree = "<group>"; };
		CEDDF7A12DCA560C00FC31EB /* NameSceneFactory.swift */ = {isa = PBXFileReference; lastKnownFileType = sourcecode.swift; path = NameSceneFactory.swift; sourceTree = "<group>"; };
		CEDDF7A22DCA560C00FC31EB /* NameSceneBusinessLogic.swift */ = {isa = PBXFileReference; lastKnownFileType = sourcecode.swift; path = NameSceneBusinessLogic.swift; sourceTree = "<group>"; };
		CEDDF7A32DCA560C00FC31EB /* NameSceneModel.swift */ = {isa = PBXFileReference; lastKnownFileType = sourcecode.swift; path = NameSceneModel.swift; sourceTree = "<group>"; };
		CEDDF7A42DCA560C00FC31EB /* NameScenePresentationLogic.swift */ = {isa = PBXFileReference; lastKnownFileType = sourcecode.swift; path = NameScenePresentationLogic.swift; sourceTree = "<group>"; };
		CEDDF7A52DCA560C00FC31EB /* NameSceneRoutingLogic.swift */ = {isa = PBXFileReference; lastKnownFileType = sourcecode.swift; path = NameSceneRoutingLogic.swift; sourceTree = "<group>"; };
		CEDDF7AF2DCA72C400FC31EB /* NameSceneController.storyboard */ = {isa = PBXFileReference; lastKnownFileType = file.storyboard; path = NameSceneController.storyboard; sourceTree = "<group>"; };
		D84043F62CBC45DF0054922A /* SF-Pro-Rounded-Thin.otf */ = {isa = PBXFileReference; lastKnownFileType = file; path = "SF-Pro-Rounded-Thin.otf"; sourceTree = "<group>"; };
		D84043F72CBC45DF0054922A /* SF-Pro-Rounded-Ultralight.otf */ = {isa = PBXFileReference; lastKnownFileType = file; path = "SF-Pro-Rounded-Ultralight.otf"; sourceTree = "<group>"; };
		D84043F82CBC45DF0054922A /* SF-Pro-Rounded-Bold.otf */ = {isa = PBXFileReference; lastKnownFileType = file; path = "SF-Pro-Rounded-Bold.otf"; sourceTree = "<group>"; };
		D84043F92CBC45DF0054922A /* SF-Pro-Rounded-Heavy.otf */ = {isa = PBXFileReference; lastKnownFileType = file; path = "SF-Pro-Rounded-Heavy.otf"; sourceTree = "<group>"; };
		D84043FA2CBC45DF0054922A /* SF-Pro-Rounded-Light.otf */ = {isa = PBXFileReference; lastKnownFileType = file; path = "SF-Pro-Rounded-Light.otf"; sourceTree = "<group>"; };
		D84043FB2CBC45E00054922A /* SF-Pro-Rounded-Regular.otf */ = {isa = PBXFileReference; lastKnownFileType = file; path = "SF-Pro-Rounded-Regular.otf"; sourceTree = "<group>"; };
		D84043FC2CBC45E00054922A /* SF-Pro-Rounded-Black.otf */ = {isa = PBXFileReference; lastKnownFileType = file; path = "SF-Pro-Rounded-Black.otf"; sourceTree = "<group>"; };
		D84043FE2CBC45E00054922A /* SF-Pro-Rounded-Medium.otf */ = {isa = PBXFileReference; lastKnownFileType = file; path = "SF-Pro-Rounded-Medium.otf"; sourceTree = "<group>"; };
		D89E3E9C2CBC47590034D046 /* SF Pro Rounded Semibold.otf */ = {isa = PBXFileReference; lastKnownFileType = file; path = "SF Pro Rounded Semibold.otf"; sourceTree = "<group>"; };
		D89E3E9E2CBC47B10034D046 /* Fonts.swift */ = {isa = PBXFileReference; lastKnownFileType = sourcecode.swift; path = Fonts.swift; sourceTree = "<group>"; };
/* End PBXFileReference section */

/* Begin PBXFrameworksBuildPhase section */
		5E099B2C2CB84A880056F226 /* Frameworks */ = {
			isa = PBXFrameworksBuildPhase;
			buildActionMask = 2147483647;
			files = (
			);
			runOnlyForDeploymentPostprocessing = 0;
		};
/* End PBXFrameworksBuildPhase section */

/* Begin PBXGroup section */
		5E099B262CB84A880056F226 = {
			isa = PBXGroup;
			children = (
				5E099B312CB84A880056F226 /* Locket */,
				5E099B302CB84A880056F226 /* Products */,
			);
			sourceTree = "<group>";
		};
		5E099B302CB84A880056F226 /* Products */ = {
			isa = PBXGroup;
			children = (
				5E099B2F2CB84A880056F226 /* Locket.app */,
			);
			name = Products;
			sourceTree = "<group>";
		};
		5E099B312CB84A880056F226 /* Locket */ = {
			isa = PBXGroup;
			children = (
				5E863B392D803BD800665603 /* Button */,
				5EB419D62D74CDD10068F01A /* Information */,
				5EE85C6C2D6FAFC400EA10C9 /* Main */,
				5ECE27A02CD8E99A0079795C /* Registration */,
				5ECE27A52CD8EA900079795C /* Welcome */,
				D84043F52CBC456D0054922A /* Fonts */,
				5E099B322CB84A880056F226 /* AppDelegate.swift */,
				5E099B342CB84A880056F226 /* SceneDelegate.swift */,
				5E099B362CB84A880056F226 /* ViewController.swift */,
				5E099B382CB84A880056F226 /* Main.storyboard */,
				5E099B3B2CB84A8A0056F226 /* Assets.xcassets */,
				5E099B3D2CB84A8A0056F226 /* LaunchScreen.storyboard */,
				5E099B402CB84A8A0056F226 /* Info.plist */,
				5EB419D92D74D0230068F01A /* Protocol.swift */,
				5E863B372D7E375A00665603 /* Constants.swift */,
			);
			path = Locket;
			sourceTree = "<group>";
		};
		5E863B392D803BD800665603 /* Button */ = {
			isa = PBXGroup;
			children = (
				5E863B3A2D803BEA00665603 /* MyCustomButton.swift */,
			);
			path = Button;
			sourceTree = "<group>";
		};
		5E9AA0192D61151900246E60 /* RegistrationLoading */ = {
			isa = PBXGroup;
			children = (
				5E9AA01C2D61156A00246E60 /* RegLoadingViewController.swift */,
				5E9AA01A2D61155500246E60 /* RegLoadingViewController.storyboard */,
			);
			path = RegistrationLoading;
			sourceTree = "<group>";
		};
		5EB419D62D74CDD10068F01A /* Information */ = {
			isa = PBXGroup;
			children = (
				5EB419D72D74CE870068F01A /* AuthorizationData.swift */,
			);
			path = Information;
			sourceTree = "<group>";
		};
		5EB419DD2D77DDEE0068F01A /* Photo */ = {
			isa = PBXGroup;
			children = (
				5EE85C6D2D6FAFE400EA10C9 /* PhotoViewController .swift */,
				5EE85C6F2D6FAFFB00EA10C9 /* PhotoViewController.storyboard */,
				CEDDF7802DB6DA6400FC31EB /* Camera */,
			);
			path = Photo;
			sourceTree = "<group>";
		};
		5ECE27A02CD8E99A0079795C /* Registration */ = {
			isa = PBXGroup;
			children = (
				5EF4F1862D8D850E00843949 /* RegistrationEmail */,
				5ED23F122D3EDE6B00B47A7A /* RegistrationName  */,
				5ED23F132D3EDE9200B47A7A /* RegistrationPassword */,
				5E9AA0192D61151900246E60 /* RegistrationLoading */,
			);
			path = Registration;
			sourceTree = "<group>";
		};
		5ECE27A52CD8EA900079795C /* Welcome */ = {
			isa = PBXGroup;
			children = (
				5ECE27A62CD8EAC10079795C /* WelcomeViewController.swift */,
			);
			path = Welcome;
			sourceTree = "<group>";
		};
		5ED23F122D3EDE6B00B47A7A /* RegistrationName  */ = {
			isa = PBXGroup;
			children = (
				CEDDF7A62DCA560C00FC31EB /* Scene */,
				5ED23F182D3EDF9500B47A7A /* RegistrationNameViewController.swift */,
			);
			path = "RegistrationName ";
			sourceTree = "<group>";
		};
		5ED23F132D3EDE9200B47A7A /* RegistrationPassword */ = {
			isa = PBXGroup;
			children = (
				5ED23F142D3EDEF500B47A7A /* RegPasswordViewController.swift */,
				5ED23F162D3EDF6000B47A7A /* RegPasswordViewController.storyboard */,
			);
			path = RegistrationPassword;
			sourceTree = "<group>";
		};
		5EE85C6C2D6FAFC400EA10C9 /* Main */ = {
			isa = PBXGroup;
			children = (
				5EB419DB2D77DDBF0068F01A /* MainViewController.swift */,
				5EB419DE2D77DE160068F01A /* MainViewController.storyboard */,
				5EB419DD2D77DDEE0068F01A /* Photo */,
			);
			path = Main;
			sourceTree = "<group>";
		};
		5EF4F1862D8D850E00843949 /* RegistrationEmail */ = {
			isa = PBXGroup;
			children = (
				5ECE27A22CD8EA120079795C /* RegistrationEmailViewController.swift */,
				5ECE27A12CD8EA120079795C /* RegistrationEmailViewController.storyboard */,
			);
			path = RegistrationEmail;
			sourceTree = "<group>";
		};
		CEDDF7802DB6DA6400FC31EB /* Camera */ = {
			isa = PBXGroup;
			children = (
				CEDDF7812DB6DA8200FC31EB /* CameraView.swift */,
			);
			path = Camera;
			sourceTree = "<group>";
		};
		CEDDF7A62DCA560C00FC31EB /* Scene */ = {
			isa = PBXGroup;
			children = (
				CEDDF7A02DCA560C00FC31EB /* NameSceneDisplayLogic.swift */,
				CEDDF7A12DCA560C00FC31EB /* NameSceneFactory.swift */,
				CEDDF7AF2DCA72C400FC31EB /* NameSceneController.storyboard */,
				CEDDF7A22DCA560C00FC31EB /* NameSceneBusinessLogic.swift */,
				CEDDF7A32DCA560C00FC31EB /* NameSceneModel.swift */,
				CEDDF7A42DCA560C00FC31EB /* NameScenePresentationLogic.swift */,
				CEDDF7A52DCA560C00FC31EB /* NameSceneRoutingLogic.swift */,
			);
			path = Scene;
			sourceTree = "<group>";
		};
		D84043F52CBC456D0054922A /* Fonts */ = {
			isa = PBXGroup;
			children = (
				D89E3E9C2CBC47590034D046 /* SF Pro Rounded Semibold.otf */,
				D84043FC2CBC45E00054922A /* SF-Pro-Rounded-Black.otf */,
				D84043F82CBC45DF0054922A /* SF-Pro-Rounded-Bold.otf */,
				D84043F92CBC45DF0054922A /* SF-Pro-Rounded-Heavy.otf */,
				D84043FA2CBC45DF0054922A /* SF-Pro-Rounded-Light.otf */,
				D84043FE2CBC45E00054922A /* SF-Pro-Rounded-Medium.otf */,
				D84043FB2CBC45E00054922A /* SF-Pro-Rounded-Regular.otf */,
				D84043F62CBC45DF0054922A /* SF-Pro-Rounded-Thin.otf */,
				D84043F72CBC45DF0054922A /* SF-Pro-Rounded-Ultralight.otf */,
				D89E3E9E2CBC47B10034D046 /* Fonts.swift */,
			);
			path = Fonts;
			sourceTree = "<group>";
		};
/* End PBXGroup section */

/* Begin PBXNativeTarget section */
		5E099B2E2CB84A880056F226 /* Locket */ = {
			isa = PBXNativeTarget;
			buildConfigurationList = 5E099B592CB84A8B0056F226 /* Build configuration list for PBXNativeTarget "Locket" */;
			buildPhases = (
				5E099B2B2CB84A880056F226 /* Sources */,
				5E099B2C2CB84A880056F226 /* Frameworks */,
				5E099B2D2CB84A880056F226 /* Resources */,
			);
			buildRules = (
			);
			dependencies = (
			);
			name = Locket;
			productName = Locket;
			productReference = 5E099B2F2CB84A880056F226 /* Locket.app */;
			productType = "com.apple.product-type.application";
		};
/* End PBXNativeTarget section */

/* Begin PBXProject section */
		5E099B272CB84A880056F226 /* Project object */ = {
			isa = PBXProject;
			attributes = {
				BuildIndependentTargetsInParallel = 1;
				LastSwiftUpdateCheck = 1420;
				LastUpgradeCheck = 1420;
				TargetAttributes = {
					5E099B2E2CB84A880056F226 = {
						CreatedOnToolsVersion = 14.2;
					};
				};
			};
			buildConfigurationList = 5E099B2A2CB84A880056F226 /* Build configuration list for PBXProject "Locket" */;
			compatibilityVersion = "Xcode 14.0";
			developmentRegion = en;
			hasScannedForEncodings = 0;
			knownRegions = (
				en,
				Base,
			);
			mainGroup = 5E099B262CB84A880056F226;
			productRefGroup = 5E099B302CB84A880056F226 /* Products */;
			projectDirPath = "";
			projectRoot = "";
			targets = (
				5E099B2E2CB84A880056F226 /* Locket */,
			);
		};
/* End PBXProject section */

/* Begin PBXResourcesBuildPhase section */
		5E099B2D2CB84A880056F226 /* Resources */ = {
			isa = PBXResourcesBuildPhase;
			buildActionMask = 2147483647;
			files = (
				D89E3E9D2CBC47590034D046 /* SF Pro Rounded Semibold.otf in Resources */,
				5E099B3F2CB84A8A0056F226 /* LaunchScreen.storyboard in Resources */,
				D84044032CBC45E00054922A /* SF-Pro-Rounded-Light.otf in Resources */,
				D84044072CBC45E00054922A /* SF-Pro-Rounded-Medium.otf in Resources */,
				5ED23F172D3EDF6000B47A7A /* RegPasswordViewController.storyboard in Resources */,
				D84044052CBC45E00054922A /* SF-Pro-Rounded-Black.otf in Resources */,
				5ECE27A32CD8EA130079795C /* RegistrationEmailViewController.storyboard in Resources */,
				5E099B3C2CB84A8A0056F226 /* Assets.xcassets in Resources */,
				5E099B3A2CB84A880056F226 /* Main.storyboard in Resources */,
				5EB419DF2D77DE160068F01A /* MainViewController.storyboard in Resources */,
				5EE85C702D6FAFFB00EA10C9 /* PhotoViewController.storyboard in Resources */,
				CEDDF7B02DCA72C400FC31EB /* NameSceneController.storyboard in Resources */,
				D84044012CBC45E00054922A /* SF-Pro-Rounded-Bold.otf in Resources */,
				D84044042CBC45E00054922A /* SF-Pro-Rounded-Regular.otf in Resources */,
				D84044002CBC45E00054922A /* SF-Pro-Rounded-Ultralight.otf in Resources */,
				5E9AA01B2D61155500246E60 /* RegLoadingViewController.storyboard in Resources */,
				D84044022CBC45E00054922A /* SF-Pro-Rounded-Heavy.otf in Resources */,
				D84043FF2CBC45E00054922A /* SF-Pro-Rounded-Thin.otf in Resources */,
			);
			runOnlyForDeploymentPostprocessing = 0;
		};
/* End PBXResourcesBuildPhase section */

/* Begin PBXSourcesBuildPhase section */
		5E099B2B2CB84A880056F226 /* Sources */ = {
			isa = PBXSourcesBuildPhase;
			buildActionMask = 2147483647;
			files = (
				D89E3E9F2CBC47B10034D046 /* Fonts.swift in Sources */,
				5EB419DC2D77DDBF0068F01A /* MainViewController.swift in Sources */,
				5E099B372CB84A880056F226 /* ViewController.swift in Sources */,
				5E9AA01D2D61156A00246E60 /* RegLoadingViewController.swift in Sources */,
				5E099B332CB84A880056F226 /* AppDelegate.swift in Sources */,
				5E863B382D7E375A00665603 /* Constants.swift in Sources */,
				5EB419D82D74CE870068F01A /* AuthorizationData.swift in Sources */,
				5EE85C6E2D6FAFE400EA10C9 /* PhotoViewController .swift in Sources */,
				5ECE27A72CD8EAC10079795C /* WelcomeViewController.swift in Sources */,
				CEDDF7A72DCA560C00FC31EB /* NameSceneModel.swift in Sources */,
				CEDDF7A82DCA560C00FC31EB /* NameScenePresentationLogic.swift in Sources */,
				CEDDF7A92DCA560C00FC31EB /* NameSceneFactory.swift in Sources */,
				CEDDF7AA2DCA560C00FC31EB /* NameSceneBusinessLogic.swift in Sources */,
				CEDDF7AB2DCA560C00FC31EB /* NameSceneDisplayLogic.swift in Sources */,
				CEDDF7AC2DCA560C00FC31EB /* NameSceneRoutingLogic.swift in Sources */,
				5ED23F192D3EDF9500B47A7A /* RegistrationNameViewController.swift in Sources */,
				5E863B3B2D803BEA00665603 /* MyCustomButton.swift in Sources */,
				5ED23F152D3EDEF600B47A7A /* RegPasswordViewController.swift in Sources */,
				5E099B352CB84A880056F226 /* SceneDelegate.swift in Sources */,
				CEDDF7822DB6DA9400FC31EB /* CameraView.swift in Sources */,
				5ECE27A42CD8EA130079795C /* RegistrationEmailViewController.swift in Sources */,
				5EB419DA2D74D0230068F01A /* Protocol.swift in Sources */,
			);
			runOnlyForDeploymentPostprocessing = 0;
		};
/* End PBXSourcesBuildPhase section */

/* Begin PBXVariantGroup section */
		5E099B382CB84A880056F226 /* Main.storyboard */ = {
			isa = PBXVariantGroup;
			children = (
				5E099B392CB84A880056F226 /* Base */,
			);
			name = Main.storyboard;
			sourceTree = "<group>";
		};
		5E099B3D2CB84A8A0056F226 /* LaunchScreen.storyboard */ = {
			isa = PBXVariantGroup;
			children = (
				5E099B3E2CB84A8A0056F226 /* Base */,
			);
			name = LaunchScreen.storyboard;
			sourceTree = "<group>";
		};
/* End PBXVariantGroup section */

/* Begin XCBuildConfiguration section */
		5E099B572CB84A8B0056F226 /* Debug */ = {
			isa = XCBuildConfiguration;
			buildSettings = {
				ALWAYS_SEARCH_USER_PATHS = NO;
				CLANG_ANALYZER_NONNULL = YES;
				CLANG_ANALYZER_NUMBER_OBJECT_CONVERSION = YES_AGGRESSIVE;
				CLANG_CXX_LANGUAGE_STANDARD = "gnu++20";
				CLANG_ENABLE_MODULES = YES;
				CLANG_ENABLE_OBJC_ARC = YES;
				CLANG_ENABLE_OBJC_WEAK = YES;
				CLANG_WARN_BLOCK_CAPTURE_AUTORELEASING = YES;
				CLANG_WARN_BOOL_CONVERSION = YES;
				CLANG_WARN_COMMA = YES;
				CLANG_WARN_CONSTANT_CONVERSION = YES;
				CLANG_WARN_DEPRECATED_OBJC_IMPLEMENTATIONS = YES;
				CLANG_WARN_DIRECT_OBJC_ISA_USAGE = YES_ERROR;
				CLANG_WARN_DOCUMENTATION_COMMENTS = YES;
				CLANG_WARN_EMPTY_BODY = YES;
				CLANG_WARN_ENUM_CONVERSION = YES;
				CLANG_WARN_INFINITE_RECURSION = YES;
				CLANG_WARN_INT_CONVERSION = YES;
				CLANG_WARN_NON_LITERAL_NULL_CONVERSION = YES;
				CLANG_WARN_OBJC_IMPLICIT_RETAIN_SELF = YES;
				CLANG_WARN_OBJC_LITERAL_CONVERSION = YES;
				CLANG_WARN_OBJC_ROOT_CLASS = YES_ERROR;
				CLANG_WARN_QUOTED_INCLUDE_IN_FRAMEWORK_HEADER = YES;
				CLANG_WARN_RANGE_LOOP_ANALYSIS = YES;
				CLANG_WARN_STRICT_PROTOTYPES = YES;
				CLANG_WARN_SUSPICIOUS_MOVE = YES;
				CLANG_WARN_UNGUARDED_AVAILABILITY = YES_AGGRESSIVE;
				CLANG_WARN_UNREACHABLE_CODE = YES;
				CLANG_WARN__DUPLICATE_METHOD_MATCH = YES;
				COPY_PHASE_STRIP = NO;
				DEBUG_INFORMATION_FORMAT = dwarf;
				ENABLE_STRICT_OBJC_MSGSEND = YES;
				ENABLE_TESTABILITY = YES;
				GCC_C_LANGUAGE_STANDARD = gnu11;
				GCC_DYNAMIC_NO_PIC = NO;
				GCC_NO_COMMON_BLOCKS = YES;
				GCC_OPTIMIZATION_LEVEL = 0;
				GCC_PREPROCESSOR_DEFINITIONS = (
					"DEBUG=1",
					"$(inherited)",
				);
				GCC_WARN_64_TO_32_BIT_CONVERSION = YES;
				GCC_WARN_ABOUT_RETURN_TYPE = YES_ERROR;
				GCC_WARN_UNDECLARED_SELECTOR = YES;
				GCC_WARN_UNINITIALIZED_AUTOS = YES_AGGRESSIVE;
				GCC_WARN_UNUSED_FUNCTION = YES;
				GCC_WARN_UNUSED_VARIABLE = YES;
				IPHONEOS_DEPLOYMENT_TARGET = 16.2;
				MTL_ENABLE_DEBUG_INFO = INCLUDE_SOURCE;
				MTL_FAST_MATH = YES;
				ONLY_ACTIVE_ARCH = YES;
				SDKROOT = iphoneos;
				SWIFT_ACTIVE_COMPILATION_CONDITIONS = DEBUG;
				SWIFT_OPTIMIZATION_LEVEL = "-Onone";
			};
			name = Debug;
		};
		5E099B582CB84A8B0056F226 /* Release */ = {
			isa = XCBuildConfiguration;
			buildSettings = {
				ALWAYS_SEARCH_USER_PATHS = NO;
				CLANG_ANALYZER_NONNULL = YES;
				CLANG_ANALYZER_NUMBER_OBJECT_CONVERSION = YES_AGGRESSIVE;
				CLANG_CXX_LANGUAGE_STANDARD = "gnu++20";
				CLANG_ENABLE_MODULES = YES;
				CLANG_ENABLE_OBJC_ARC = YES;
				CLANG_ENABLE_OBJC_WEAK = YES;
				CLANG_WARN_BLOCK_CAPTURE_AUTORELEASING = YES;
				CLANG_WARN_BOOL_CONVERSION = YES;
				CLANG_WARN_COMMA = YES;
				CLANG_WARN_CONSTANT_CONVERSION = YES;
				CLANG_WARN_DEPRECATED_OBJC_IMPLEMENTATIONS = YES;
				CLANG_WARN_DIRECT_OBJC_ISA_USAGE = YES_ERROR;
				CLANG_WARN_DOCUMENTATION_COMMENTS = YES;
				CLANG_WARN_EMPTY_BODY = YES;
				CLANG_WARN_ENUM_CONVERSION = YES;
				CLANG_WARN_INFINITE_RECURSION = YES;
				CLANG_WARN_INT_CONVERSION = YES;
				CLANG_WARN_NON_LITERAL_NULL_CONVERSION = YES;
				CLANG_WARN_OBJC_IMPLICIT_RETAIN_SELF = YES;
				CLANG_WARN_OBJC_LITERAL_CONVERSION = YES;
				CLANG_WARN_OBJC_ROOT_CLASS = YES_ERROR;
				CLANG_WARN_QUOTED_INCLUDE_IN_FRAMEWORK_HEADER = YES;
				CLANG_WARN_RANGE_LOOP_ANALYSIS = YES;
				CLANG_WARN_STRICT_PROTOTYPES = YES;
				CLANG_WARN_SUSPICIOUS_MOVE = YES;
				CLANG_WARN_UNGUARDED_AVAILABILITY = YES_AGGRESSIVE;
				CLANG_WARN_UNREACHABLE_CODE = YES;
				CLANG_WARN__DUPLICATE_METHOD_MATCH = YES;
				COPY_PHASE_STRIP = NO;
				DEBUG_INFORMATION_FORMAT = "dwarf-with-dsym";
				ENABLE_NS_ASSERTIONS = NO;
				ENABLE_STRICT_OBJC_MSGSEND = YES;
				GCC_C_LANGUAGE_STANDARD = gnu11;
				GCC_NO_COMMON_BLOCKS = YES;
				GCC_WARN_64_TO_32_BIT_CONVERSION = YES;
				GCC_WARN_ABOUT_RETURN_TYPE = YES_ERROR;
				GCC_WARN_UNDECLARED_SELECTOR = YES;
				GCC_WARN_UNINITIALIZED_AUTOS = YES_AGGRESSIVE;
				GCC_WARN_UNUSED_FUNCTION = YES;
				GCC_WARN_UNUSED_VARIABLE = YES;
				IPHONEOS_DEPLOYMENT_TARGET = 16.2;
				MTL_ENABLE_DEBUG_INFO = NO;
				MTL_FAST_MATH = YES;
				SDKROOT = iphoneos;
				SWIFT_COMPILATION_MODE = wholemodule;
				SWIFT_OPTIMIZATION_LEVEL = "-O";
				VALIDATE_PRODUCT = YES;
			};
			name = Release;
		};
		5E099B5A2CB84A8B0056F226 /* Debug */ = {
			isa = XCBuildConfiguration;
			buildSettings = {
				ASSETCATALOG_COMPILER_APPICON_NAME = AppIcon;
				ASSETCATALOG_COMPILER_GLOBAL_ACCENT_COLOR_NAME = AccentColor;
				CODE_SIGN_STYLE = Automatic;
				CURRENT_PROJECT_VERSION = 1;
				DEVELOPMENT_TEAM = TV86ZP3KNT;
				GENERATE_INFOPLIST_FILE = YES;
				INFOPLIST_FILE = Locket/Info.plist;
				INFOPLIST_KEY_NSCameraUsageDescription = "Приложению требуется доступ к камере";
				INFOPLIST_KEY_UIApplicationSupportsIndirectInputEvents = YES;
				INFOPLIST_KEY_UILaunchStoryboardName = LaunchScreen;
				INFOPLIST_KEY_UIMainStoryboardFile = Main;
				INFOPLIST_KEY_UISupportedInterfaceOrientations = "UIInterfaceOrientationLandscapeLeft UIInterfaceOrientationLandscapeRight UIInterfaceOrientationPortrait UIInterfaceOrientationPortraitUpsideDown";
				IPHONEOS_DEPLOYMENT_TARGET = 16.1;
				LD_RUNPATH_SEARCH_PATHS = (
					"$(inherited)",
					"@executable_path/Frameworks",
				);
				MARKETING_VERSION = 1.0;
				PRODUCT_BUNDLE_IDENTIFIER = rimi.Locket;
				PRODUCT_NAME = "$(TARGET_NAME)";
				SWIFT_EMIT_LOC_STRINGS = YES;
				SWIFT_VERSION = 5.0;
				TARGETED_DEVICE_FAMILY = "1,2";
			};
			name = Debug;
		};
		5E099B5B2CB84A8B0056F226 /* Release */ = {
			isa = XCBuildConfiguration;
			buildSettings = {
				ASSETCATALOG_COMPILER_APPICON_NAME = AppIcon;
				ASSETCATALOG_COMPILER_GLOBAL_ACCENT_COLOR_NAME = AccentColor;
				CODE_SIGN_STYLE = Automatic;
				CURRENT_PROJECT_VERSION = 1;
				DEVELOPMENT_TEAM = TV86ZP3KNT;
				GENERATE_INFOPLIST_FILE = YES;
				INFOPLIST_FILE = Locket/Info.plist;
				INFOPLIST_KEY_NSCameraUsageDescription = "Приложению требуется доступ к камере";
				INFOPLIST_KEY_UIApplicationSupportsIndirectInputEvents = YES;
				INFOPLIST_KEY_UILaunchStoryboardName = LaunchScreen;
				INFOPLIST_KEY_UIMainStoryboardFile = Main;
				INFOPLIST_KEY_UISupportedInterfaceOrientations = "UIInterfaceOrientationLandscapeLeft UIInterfaceOrientationLandscapeRight UIInterfaceOrientationPortrait UIInterfaceOrientationPortraitUpsideDown";
				IPHONEOS_DEPLOYMENT_TARGET = 16.1;
				LD_RUNPATH_SEARCH_PATHS = (
					"$(inherited)",
					"@executable_path/Frameworks",
				);
				MARKETING_VERSION = 1.0;
				PRODUCT_BUNDLE_IDENTIFIER = rimi.Locket;
				PRODUCT_NAME = "$(TARGET_NAME)";
				SWIFT_EMIT_LOC_STRINGS = YES;
				SWIFT_VERSION = 5.0;
				TARGETED_DEVICE_FAMILY = "1,2";
			};
			name = Release;
		};
/* End XCBuildConfiguration section */

/* Begin XCConfigurationList section */
		5E099B2A2CB84A880056F226 /* Build configuration list for PBXProject "Locket" */ = {
			isa = XCConfigurationList;
			buildConfigurations = (
				5E099B572CB84A8B0056F226 /* Debug */,
				5E099B582CB84A8B0056F226 /* Release */,
			);
			defaultConfigurationIsVisible = 0;
			defaultConfigurationName = Release;
		};
		5E099B592CB84A8B0056F226 /* Build configuration list for PBXNativeTarget "Locket" */ = {
			isa = XCConfigurationList;
			buildConfigurations = (
				5E099B5A2CB84A8B0056F226 /* Debug */,
				5E099B5B2CB84A8B0056F226 /* Release */,
			);
			defaultConfigurationIsVisible = 0;
			defaultConfigurationName = Release;
		};
/* End XCConfigurationList section */
	};
	rootObject = 5E099B272CB84A880056F226 /* Project object */;
}
